
Microsoft Visual Studio Solution File, Format Version 12.00
# Visual Studio Version 17
VisualStudioVersion = 17.6.33723.286
MinimumVisualStudioVersion = 10.0.40219.1
Project("{FAE04EC0-301F-11D3-BF4B-00C04F79EFBC}") = "Sistema Controle Vendas", "Sistema Controle Vendas.csproj", "{58C99ACA-58B8-4A49-A99A-86903D352F62}"
EndProject
Global
	GlobalSection(SolutionConfigurationPlatforms) = preSolution
		Debug|Any CPU = Debug|Any CPU
		Release|Any CPU = Release|Any CPU
	EndGlobalSection
	GlobalSection(ProjectConfigurationPlatforms) = postSolution
		{58C99ACA-58B8-4A49-A99A-86903D352F62}.Debug|Any CPU.ActiveCfg = Debug|Any CPU
		{58C99ACA-58B8-4A49-A99A-86903D352F62}.Debug|Any CPU.Build.0 = Debug|Any CPU
		{58C99ACA-58B8-4A49-A99A-86903D352F62}.Release|Any CPU.ActiveCfg = Release|Any CPU
		{58C99ACA-58B8-4A49-A99A-86903D352F62}.Release|Any CPU.Build.0 = Release|Any CPU
	EndGlobalSection
	GlobalSection(SolutionProperties) = preSolution
		HideSolutionNode = FALSE
	EndGlobalSection
	GlobalSection(ExtensibilityGlobals) = postSolution
		SolutionGuid = {DDFBD043-B045-4E09-822A-129281F19B53}
	EndGlobalSection
EndGlobal
